
Microsoft Visual Studio Solution File, Format Version 12.00
# Visual Studio Version 17
VisualStudioVersion = 17.7.34024.191
MinimumVisualStudioVersion = 10.0.40219.1
Project("{FAE04EC0-301F-11D3-BF4B-00C04F79EFBC}") = "jogoDaVelha", "jogoDaVelha\jogoDaVelha.csproj", "{F9814373-5002-4199-8D50-1251D9ABCDDA}"
EndProject
Global
	GlobalSection(SolutionConfigurationPlatforms) = preSolution
		Debug|Any CPU = Debug|Any CPU
		Release|Any CPU = Release|Any CPU
	EndGlobalSection
	GlobalSection(ProjectConfigurationPlatforms) = postSolution
		{F9814373-5002-4199-8D50-1251D9ABCDDA}.Debug|Any CPU.ActiveCfg = Debug|Any CPU
		{F9814373-5002-4199-8D50-1251D9ABCDDA}.Debug|Any CPU.Build.0 = Debug|Any CPU
		{F9814373-5002-4199-8D50-1251D9ABCDDA}.Release|Any CPU.ActiveCfg = Release|Any CPU
		{F9814373-5002-4199-8D50-1251D9ABCDDA}.Release|Any CPU.Build.0 = Release|Any CPU
	EndGlobalSection
	GlobalSection(SolutionProperties) = preSolution
		HideSolutionNode = FALSE
	EndGlobalSection
	GlobalSection(ExtensibilityGlobals) = postSolution
		SolutionGuid = {1FCB71B5-72FE-4736-BCF9-C52D13DA4341}
	EndGlobalSection
EndGlobal
